
Microsoft Visual Studio Solution File, Format Version 12.00
# Visual Studio Version 17
VisualStudioVersion = 17.9.34728.123
MinimumVisualStudioVersion = 10.0.40219.1
Project("{FAE04EC0-301F-11D3-BF4B-00C04F79EFBC}") = "SkillTree.Server", "SkillTree.Server\SkillTree.Server.csproj", "{5F90676E-95FA-4283-8D2F-041CDCBCAAD9}"
EndProject
Project("{54A90642-561A-4BB1-A94E-469ADEE60C69}") = "skilltree.client", "skilltree.client\skilltree.client.esproj", "{148C1A0A-8853-402D-8740-60CCAC784743}"
EndProject
Global
	GlobalSection(SolutionConfigurationPlatforms) = preSolution
		Debug|Any CPU = Debug|Any CPU
		Release|Any CPU = Release|Any CPU
	EndGlobalSection
	GlobalSection(ProjectConfigurationPlatforms) = postSolution
		{5F90676E-95FA-4283-8D2F-041CDCBCAAD9}.Debug|Any CPU.ActiveCfg = Debug|Any CPU
		{5F90676E-95FA-4283-8D2F-041CDCBCAAD9}.Debug|Any CPU.Build.0 = Debug|Any CPU
		{5F90676E-95FA-4283-8D2F-041CDCBCAAD9}.Release|Any CPU.ActiveCfg = Release|Any CPU
		{5F90676E-95FA-4283-8D2F-041CDCBCAAD9}.Release|Any CPU.Build.0 = Release|Any CPU
		{148C1A0A-8853-402D-8740-60CCAC784743}.Debug|Any CPU.ActiveCfg = Debug|Any CPU
		{148C1A0A-8853-402D-8740-60CCAC784743}.Debug|Any CPU.Build.0 = Debug|Any CPU
		{148C1A0A-8853-402D-8740-60CCAC784743}.Debug|Any CPU.Deploy.0 = Debug|Any CPU
		{148C1A0A-8853-402D-8740-60CCAC784743}.Release|Any CPU.ActiveCfg = Release|Any CPU
		{148C1A0A-8853-402D-8740-60CCAC784743}.Release|Any CPU.Build.0 = Release|Any CPU
		{148C1A0A-8853-402D-8740-60CCAC784743}.Release|Any CPU.Deploy.0 = Release|Any CPU
	EndGlobalSection
	GlobalSection(SolutionProperties) = preSolution
		HideSolutionNode = FALSE
	EndGlobalSection
	GlobalSection(ExtensibilityGlobals) = postSolution
		SolutionGuid = {540C1B06-E41A-4981-B1AF-6ACEB6B229E4}
	EndGlobalSection
EndGlobal
